# THIS IS AN AUTOGENERATED FILE. DO NOT EDIT THIS FILE DIRECTLY.
# yarn lockfile v1


"@psychobolt/react-regl@^0.0.3":
  version "0.0.3"
  resolved "https://registry.yarnpkg.com/@psychobolt/react-regl/-/react-regl-0.0.3.tgz#ee9cc1a48dadf37675acb3e051a00cff8946a01f"
  integrity sha512-IEicQi2mBnuUg8d88IbGIqqbaR+1djwt/IGmNb93pQLJLNtw/tKNxBsDrB7vCuKUpGwm/dhEvLjUKnK2NYTqog==
  dependencies:
    react-is "^16.8.6"
    resl "^1.0.3"

glsl-solid-wireframe@^1.0.1:
  version "1.0.1"
  resolved "https://registry.yarnpkg.com/glsl-solid-wireframe/-/glsl-solid-wireframe-1.0.1.tgz#5d9acf24b6d821974ae5e7ecb52f0cb98f0e14e8"
  integrity sha1-XZrPJLbYIZdK5efstS8MuY8OFOg=

normals@^1.1.0:
  version "1.1.0"
  resolved "https://registry.yarnpkg.com/normals/-/normals-1.1.0.tgz#325b595ed34afe467a6c55a14fd9085787ff59c0"
  integrity sha1-MltZXtNK/kZ6bFWhT9kIV4f/WcA=

react-is@^16.8.6:
  version "16.13.1"
  resolved "https://registry.yarnpkg.com/react-is/-/react-is-16.13.1.tgz#789729a4dc36de2999dc156dd6c1d9c18cea56a4"
  integrity sha512-24e6ynE2H+OKt4kqsOvNd8kBpV65zoxbA4BVsEOB3ARVWQki/DHzaUoC5KuON/BiccDaCCTZBuOcfZs70kR8bQ==

resl@^1.0.3:
  version "1.0.3"
  resolved "https://registry.yarnpkg.com/resl/-/resl-1.0.3.tgz#2c7ca5682285bc519f7dcfb81fe6f3df0005e774"
  integrity sha1-LHylaCKFvFGffc+4H+bz3wAF53Q=
