# THIS IS AN AUTOGENERATED FILE. DO NOT EDIT THIS FILE DIRECTLY.
# yarn lockfile v1


glsl-solid-wireframe@^1.0.1:
  version "1.0.1"
  resolved "https://registry.yarnpkg.com/glsl-solid-wireframe/-/glsl-solid-wireframe-1.0.1.tgz#5d9acf24b6d821974ae5e7ecb52f0cb98f0e14e8"
  integrity sha1-XZrPJLbYIZdK5efstS8MuY8OFOg=
